NeoBundleLock neobundle.vim 26d03781886ed887e390d4ad8b935987754b1c2c
NeoBundleLock neocomplete.vim 46791e7692e07384a089d125c5c536246698d04c
NeoBundleLock neoinclude.vim b5956ac824fdd60d6eacaa597c8d329252972d8b
NeoBundleLock neomru.vim 97540f54fa20b94daf306f0c1f3cce983bbf7a1d
NeoBundleLock neosnippet ddd01d0ee3d965d9a30051f2e12b14234c83b3ae
NeoBundleLock neosnippet-snippets 8dbb78599984140c50418d3dd23d0de4c8f13e74
NeoBundleLock unite.vim c5c69d5d94e61a67d61730d04c82763196f63b10
NeoBundleLock vim-arduino-syntax 83f766d22e9d0561f389904f27e894234dfa8d96
NeoBundleLock vim-quickrun 13e60587a503620bd7d0dd1b822c29e18350e461
NeoBundleLock vim-smartchr f689b54cf488d5f1fc819553f6d986c567be5dfb
NeoBundleLock vimproc 03a38f283ca9e15784e8fea84e8afc5d633b9639
NeoBundleLock vimshell d0c5bef010237855b4de25863bc54895effe5d7a
